
Microsoft Visual Studio Solution File, Format Version 12.00
# Visual Studio Version 17
VisualStudioVersion = 17.9.34622.214
MinimumVisualStudioVersion = 10.0.40219.1
Project("{FAE04EC0-301F-11D3-BF4B-00C04F79EFBC}") = "Proyecto", "Proyecto.csproj", "{F349FB7A-7241-4F60-8D5B-9A1ADC613E33}"
EndProject
Global
	GlobalSection(SolutionConfigurationPlatforms) = preSolution
		Debug|Any CPU = Debug|Any CPU
		Release|Any CPU = Release|Any CPU
	EndGlobalSection
	GlobalSection(ProjectConfigurationPlatforms) = postSolution
		{F349FB7A-7241-4F60-8D5B-9A1ADC613E33}.Debug|Any CPU.ActiveCfg = Debug|Any CPU
		{F349FB7A-7241-4F60-8D5B-9A1ADC613E33}.Debug|Any CPU.Build.0 = Debug|Any CPU
		{F349FB7A-7241-4F60-8D5B-9A1ADC613E33}.Release|Any CPU.ActiveCfg = Release|Any CPU
		{F349FB7A-7241-4F60-8D5B-9A1ADC613E33}.Release|Any CPU.Build.0 = Release|Any CPU
	EndGlobalSection
	GlobalSection(SolutionProperties) = preSolution
		HideSolutionNode = FALSE
	EndGlobalSection
	GlobalSection(ExtensibilityGlobals) = postSolution
		SolutionGuid = {50B05C90-7D1B-4558-A39D-6E06AB16EDC9}
	EndGlobalSection
EndGlobal
